// !$*UTF8*$!
{
	archiveVersion = 1;
	classes = {
	};
	objectVersion = 46;
	objects = {

/* Begin PBXBuildFile section */
		86336BA61BD693D700FEF65A /* main.m in Sources */ = {isa = PBXBuildFile; fileRef = 86336BA51BD693D700FEF65A /* main.m */; };
		86336BA91BD693D700FEF65A /* AppDelegate.m in Sources */ = {isa = PBXBuildFile; fileRef = 86336BA81BD693D700FEF65A /* AppDelegate.m */; };
		86336BAC1BD693D700FEF65A /* ViewController.m in Sources */ = {isa = PBXBuildFile; fileRef = 86336BAB1BD693D700FEF65A /* ViewController.m */; };
		86336BAF1BD693D700FEF65A /* Main.storyboard in Resources */ = {isa = PBXBuildFile; fileRef = 86336BAD1BD693D700FEF65A /* Main.storyboard */; };
		86336BB11BD693D700FEF65A /* Assets.xcassets in Resources */ = {isa = PBXBuildFile; fileRef = 86336BB01BD693D700FEF65A /* Assets.xcassets */; };
		86336BB41BD693D700FEF65A /* LaunchScreen.storyboard in Resources */ = {isa = PBXBuildFile; fileRef = 86336BB21BD693D700FEF65A /* LaunchScreen.storyboard */; };
		86336BBF1BD693D700FEF65A /* XRLinkLabelTests.m in Sources */ = {isa = PBXBuildFile; fileRef = 86336BBE1BD693D700FEF65A /* XRLinkLabelTests.m */; };
		86336BCA1BD693D700FEF65A /* XRLinkLabelUITests.m in Sources */ = {isa = PBXBuildFile; fileRef = 86336BC91BD693D700FEF65A /* XRLinkLabelUITests.m */; };
		86336BD91BD6942E00FEF65A /* XRLinkLabel.m in Sources */ = {isa = PBXBuildFile; fileRef = 86336BD81BD6942E00FEF65A /* XRLinkLabel.m */; settings = {ASSET_TAGS = (); }; };
/* End PBXBuildFile section */

/* Begin PBXContainerItemProxy section */
		86336BBB1BD693D700FEF65A /* PBXContainerItemProxy */ = {
			isa = PBXContainerItemProxy;
			containerPortal = 86336B991BD693D700FEF65A /* Project object */;
			proxyType = 1;
			remoteGlobalIDString = 86336BA01BD693D700FEF65A;
			remoteInfo = XRLinkLabel;
		};
		86336BC61BD693D700FEF65A /* PBXContainerItemProxy */ = {
			isa = PBXContainerItemProxy;
			containerPortal = 86336B991BD693D700FEF65A /* Project object */;
			proxyType = 1;
			remoteGlobalIDString = 86336BA01BD693D700FEF65A;
			remoteInfo = XRLinkLabel;
		};
/* End PBXContainerItemProxy section */

/* Begin PBXFileReference section */
		86336BA11BD693D700FEF65A /* XRLinkLabel.app */ = {isa = PBXFileReference; explicitFileType = wrapper.application; includeInIndex = 0; path = XRLinkLabel.app; sourceTree = BUILT_PRODUCTS_DIR; };
		86336BA51BD693D700FEF65A /* main.m */ = {isa = PBXFileReference; lastKnownFileType = sourcecode.c.objc; path = main.m; sourceTree = "<group>"; };
		86336BA71BD693D700FEF65A /* AppDelegate.h */ = {isa = PBXFileReference; lastKnownFileType = sourcecode.c.h; path = AppDelegate.h; sourceTree = "<group>"; };
		86336BA81BD693D700FEF65A /* AppDelegate.m */ = {isa = PBXFileReference; lastKnownFileType = sourcecode.c.objc; path = AppDelegate.m; sourceTree = "<group>"; };
		86336BAA1BD693D700FEF65A /* ViewController.h */ = {isa = PBXFileReference; lastKnownFileType = sourcecode.c.h; path = ViewController.h; sourceTree = "<group>"; };
		86336BAB1BD693D700FEF65A /* ViewController.m */ = {isa = PBXFileReference; lastKnownFileType = sourcecode.c.objc; path = ViewController.m; sourceTree = "<group>"; };
		86336BAE1BD693D700FEF65A /* Base */ = {isa = PBXFileReference; lastKnownFileType = file.storyboard; name = Base; path = Base.lproj/Main.storyboard; sourceTree = "<group>"; };
		86336BB01BD693D700FEF65A /* Assets.xcassets */ = {isa = PBXFileReference; lastKnownFileType = folder.assetcatalog; path = Assets.xcassets; sourceTree = "<group>"; };
		86336BB31BD693D700FEF65A /* Base */ = {isa = PBXFileReference; lastKnownFileType = file.storyboard; name = Base; path = Base.lproj/LaunchScreen.storyboard; sourceTree = "<group>"; };
		86336BB51BD693D700FEF65A /* Info.plist */ = {isa = PBXFileReference; lastKnownFileType = text.plist.xml; path = Info.plist; sourceTree = "<group>"; };
		86336BBA1BD693D700FEF65A /* XRLinkLabelTests.xctest */ = {isa = PBXFileReference; explicitFileType = wrapper.cfbundle; includeInIndex = 0; path = XRLinkLabelTests.xctest; sourceTree = BUILT_PRODUCTS_DIR; };
		86336BBE1BD693D700FEF65A /* XRLinkLabelTests.m */ = {isa = PBXFileReference; lastKnownFileType = sourcecode.c.objc; path = XRLinkLabelTests.m; sourceTree = "<group>"; };
		86336BC01BD693D700FEF65A /* Info.plist */ = {isa = PBXFileReference; lastKnownFileType = text.plist.xml; path = Info.plist; sourceTree = "<group>"; };
		86336BC51BD693D700FEF65A /* XRLinkLabelUITests.xctest */ = {isa = PBXFileReference; explicitFileType = wrapper.cfbundle; includeInIndex = 0; path = XRLinkLabelUITests.xctest; sourceTree = BUILT_PRODUCTS_DIR; };
		86336BC91BD693D700FEF65A /* XRLinkLabelUITests.m */ = {isa = PBXFileReference; lastKnownFileType = sourcecode.c.objc; path = XRLinkLabelUITests.m; sourceTree = "<group>"; };
		86336BCB1BD693D700FEF65A /* Info.plist */ = {isa = PBXFileReference; lastKnownFileType = text.plist.xml; path = Info.plist; sourceTree = "<group>"; };
		86336BD71BD6942E00FEF65A /* XRLinkLabel.h */ = {isa = PBXFileReference; fileEncoding = 4; lastKnownFileType = sourcecode.c.h; path = XRLinkLabel.h; sourceTree = "<group>"; };
		86336BD81BD6942E00FEF65A /* XRLinkLabel.m */ = {isa = PBXFileReference; fileEncoding = 4; lastKnownFileType = sourcecode.c.objc; path = XRLinkLabel.m; sourceTree = "<group>"; };
/* End PBXFileReference section */

/* Begin PBXFrameworksBuildPhase section */
		86336B9E1BD693D700FEF65A /* Frameworks */ = {
			isa = PBXFrameworksBuildPhase;
			buildActionMask = 2147483647;
			files = (
			);
			runOnlyForDeploymentPostprocessing = 0;
		};
		86336BB71BD693D700FEF65A /* Frameworks */ = {
			isa = PBXFrameworksBuildPhase;
			buildActionMask = 2147483647;
			files = (
			);
			runOnlyForDeploymentPostprocessing = 0;
		};
		86336BC21BD693D700FEF65A /* Frameworks */ = {
			isa = PBXFrameworksBuildPhase;
			buildActionMask = 2147483647;
			files = (
			);
			runOnlyForDeploymentPostprocessing = 0;
		};
/* End PBXFrameworksBuildPhase section */

/* Begin PBXGroup section */
		86336B981BD693D700FEF65A = {
			isa = PBXGroup;
			children = (
				86336BA31BD693D700FEF65A /* XRLinkLabel */,
				86336BBD1BD693D700FEF65A /* XRLinkLabelTests */,
				86336BC81BD693D700FEF65A /* XRLinkLabelUITests */,
				86336BA21BD693D700FEF65A /* Products */,
			);
			sourceTree = "<group>";
		};
		86336BA21BD693D700FEF65A /* Products */ = {
			isa = PBXGroup;
			children = (
				86336BA11BD693D700FEF65A /* XRLinkLabel.app */,
				86336BBA1BD693D700FEF65A /* XRLinkLabelTests.xctest */,
				86336BC51BD693D700FEF65A /* XRLinkLabelUITests.xctest */,
			);
			name = Products;
			sourceTree = "<group>";
		};
		86336BA31BD693D700FEF65A /* XRLinkLabel */ = {
			isa = PBXGroup;
			children = (
				86336BA71BD693D700FEF65A /* AppDelegate.h */,
				86336BA81BD693D700FEF65A /* AppDelegate.m */,
				86336BAA1BD693D700FEF65A /* ViewController.h */,
				86336BAB1BD693D700FEF65A /* ViewController.m */,
				86336BD71BD6942E00FEF65A /* XRLinkLabel.h */,
				86336BD81BD6942E00FEF65A /* XRLinkLabel.m */,
				86336BAD1BD693D700FEF65A /* Main.storyboard */,
				86336BB01BD693D700FEF65A /* Assets.xcassets */,
				86336BB21BD693D700FEF65A /* LaunchScreen.storyboard */,
				86336BB51BD693D700FEF65A /* Info.plist */,
				86336BA41BD693D700FEF65A /* Supporting Files */,
			);
			path = XRLinkLabel;
			sourceTree = "<group>";
		};
		86336BA41BD693D700FEF65A /* Supporting Files */ = {
			isa = PBXGroup;
			children = (
				86336BA51BD693D700FEF65A /* main.m */,
			);
			name = "Supporting Files";
			sourceTree = "<group>";
		};
		86336BBD1BD693D700FEF65A /* XRLinkLabelTests */ = {
			isa = PBXGroup;
			children = (
				86336BBE1BD693D700FEF65A /* XRLinkLabelTests.m */,
				86336BC01BD693D700FEF65A /* Info.plist */,
			);
			path = XRLinkLabelTests;
			sourceTree = "<group>";
		};
		86336BC81BD693D700FEF65A /* XRLinkLabelUITests */ = {
			isa = PBXGroup;
			children = (
				86336BC91BD693D700FEF65A /* XRLinkLabelUITests.m */,
				86336BCB1BD693D700FEF65A /* Info.plist */,
			);
			path = XRLinkLabelUITests;
			sourceTree = "<group>";
		};
/* End PBXGroup section */

/* Begin PBXNativeTarget section */
		86336BA01BD693D700FEF65A /* XRLinkLabel */ = {
			isa = PBXNativeTarget;
			buildConfigurationList = 86336BCE1BD693D700FEF65A /* Build configuration list for PBXNativeTarget "XRLinkLabel" */;
			buildPhases = (
				86336B9D1BD693D700FEF65A /* Sources */,
				86336B9E1BD693D700FEF65A /* Frameworks */,
				86336B9F1BD693D700FEF65A /* Resources */,
			);
			buildRules = (
			);
			dependencies = (
			);
			name = XRLinkLabel;
			productName = XRLinkLabel;
			productReference = 86336BA11BD693D700FEF65A /* XRLinkLabel.app */;
			productType = "com.apple.product-type.application";
		};
		86336BB91BD693D700FEF65A /* XRLinkLabelTests */ = {
			isa = PBXNativeTarget;
			buildConfigurationList = 86336BD11BD693D700FEF65A /* Build configuration list for PBXNativeTarget "XRLinkLabelTests" */;
			buildPhases = (
				86336BB61BD693D700FEF65A /* Sources */,
				86336BB71BD693D700FEF65A /* Frameworks */,
				86336BB81BD693D700FEF65A /* Resources */,
			);
			buildRules = (
			);
			dependencies = (
				86336BBC1BD693D700FEF65A /* PBXTargetDependency */,
			);
			name = XRLinkLabelTests;
			productName = XRLinkLabelTests;
			productReference = 86336BBA1BD693D700FEF65A /* XRLinkLabelTests.xctest */;
			productType = "com.apple.product-type.bundle.unit-test";
		};
		86336BC41BD693D700FEF65A /* XRLinkLabelUITests */ = {
			isa = PBXNativeTarget;
			buildConfigurationList = 86336BD41BD693D700FEF65A /* Build configuration list for PBXNativeTarget "XRLinkLabelUITests" */;
			buildPhases = (
				86336BC11BD693D700FEF65A /* Sources */,
				86336BC21BD693D700FEF65A /* Frameworks */,
				86336BC31BD693D700FEF65A /* Resources */,
			);
			buildRules = (
			);
			dependencies = (
				86336BC71BD693D700FEF65A /* PBXTargetDependency */,
			);
			name = XRLinkLabelUITests;
			productName = XRLinkLabelUITests;
			productReference = 86336BC51BD693D700FEF65A /* XRLinkLabelUITests.xctest */;
			productType = "com.apple.product-type.bundle.ui-testing";
		};
/* End PBXNativeTarget section */

/* Begin PBXProject section */
		86336B991BD693D700FEF65A /* Project object */ = {
			isa = PBXProject;
			attributes = {
				LastUpgradeCheck = 0700;
				ORGANIZATIONNAME = "XU SHIYAN";
				TargetAttributes = {
					86336BA01BD693D700FEF65A = {
						CreatedOnToolsVersion = 7.0.1;
					};
					86336BB91BD693D700FEF65A = {
						CreatedOnToolsVersion = 7.0.1;
						TestTargetID = 86336BA01BD693D700FEF65A;
					};
					86336BC41BD693D700FEF65A = {
						CreatedOnToolsVersion = 7.0.1;
						TestTargetID = 86336BA01BD693D700FEF65A;
					};
				};
			};
			buildConfigurationList = 86336B9C1BD693D700FEF65A /* Build configuration list for PBXProject "XRLinkLabel" */;
			compatibilityVersion = "Xcode 3.2";
			developmentRegion = English;
			hasScannedForEncodings = 0;
			knownRegions = (
				en,
				Base,
			);
			mainGroup = 86336B981BD693D700FEF65A;
			productRefGroup = 86336BA21BD693D700FEF65A /* Products */;
			projectDirPath = "";
			projectRoot = "";
			targets = (
				86336BA01BD693D700FEF65A /* XRLinkLabel */,
				86336BB91BD693D700FEF65A /* XRLinkLabelTests */,
				86336BC41BD693D700FEF65A /* XRLinkLabelUITests */,
			);
		};
/* End PBXProject section */

/* Begin PBXResourcesBuildPhase section */
		86336B9F1BD693D700FEF65A /* Resources */ = {
			isa = PBXResourcesBuildPhase;
			buildActionMask = 2147483647;
			files = (
				86336BB41BD693D700FEF65A /* LaunchScreen.storyboard in Resources */,
				86336BB11BD693D700FEF65A /* Assets.xcassets in Resources */,
				86336BAF1BD693D700FEF65A /* Main.storyboard in Resources */,
			);
			runOnlyForDeploymentPostprocessing = 0;
		};
		86336BB81BD693D700FEF65A /* Resources */ = {
			isa = PBXResourcesBuildPhase;
			buildActionMask = 2147483647;
			files = (
			);
			runOnlyForDeploymentPostprocessing = 0;
		};
		86336BC31BD693D700FEF65A /* Resources */ = {
			isa = PBXResourcesBuildPhase;
			buildActionMask = 2147483647;
			files = (
			);
			runOnlyForDeploymentPostprocessing = 0;
		};
/* End PBXResourcesBuildPhase section */

/* Begin PBXSourcesBuildPhase section */
		86336B9D1BD693D700FEF65A /* Sources */ = {
			isa = PBXSourcesBuildPhase;
			buildActionMask = 2147483647;
			files = (
				86336BD91BD6942E00FEF65A /* XRLinkLabel.m in Sources */,
				86336BAC1BD693D700FEF65A /* ViewController.m in Sources */,
				86336BA91BD693D700FEF65A /* AppDelegate.m in Sources */,
				86336BA61BD693D700FEF65A /* main.m in Sources */,
			);
			runOnlyForDeploymentPostprocessing = 0;
		};
		86336BB61BD693D700FEF65A /* Sources */ = {
			isa = PBXSourcesBuildPhase;
			buildActionMask = 2147483647;
			files = (
				86336BBF1BD693D700FEF65A /* XRLinkLabelTests.m in Sources */,
			);
			runOnlyForDeploymentPostprocessing = 0;
		};
		86336BC11BD693D700FEF65A /* Sources */ = {
			isa = PBXSourcesBuildPhase;
			buildActionMask = 2147483647;
			files = (
				86336BCA1BD693D700FEF65A /* XRLinkLabelUITests.m in Sources */,
			);
			runOnlyForDeploymentPostprocessing = 0;
		};
/* End PBXSourcesBuildPhase section */

/* Begin PBXTargetDependency section */
		86336BBC1BD693D700FEF65A /* PBXTargetDependency */ = {
			isa = PBXTargetDependency;
			target = 86336BA01BD693D700FEF65A /* XRLinkLabel */;
			targetProxy = 86336BBB1BD693D700FEF65A /* PBXContainerItemProxy */;
		};
		86336BC71BD693D700FEF65A /* PBXTargetDependency */ = {
			isa = PBXTargetDependency;
			target = 86336BA01BD693D700FEF65A /* XRLinkLabel */;
			targetProxy = 86336BC61BD693D700FEF65A /* PBXContainerItemProxy */;
		};
/* End PBXTargetDependency section */

/* Begin PBXVariantGroup section */
		86336BAD1BD693D700FEF65A /* Main.storyboard */ = {
			isa = PBXVariantGroup;
			children = (
				86336BAE1BD693D700FEF65A /* Base */,
			);
			name = Main.storyboard;
			sourceTree = "<group>";
		};
		86336BB21BD693D700FEF65A /* LaunchScreen.storyboard */ = {
			isa = PBXVariantGroup;
			children = (
				86336BB31BD693D700FEF65A /* Base */,
			);
			name = LaunchScreen.storyboard;
			sourceTree = "<group>";
		};
/* End PBXVariantGroup section */

/* Begin XCBuildConfiguration section */
		86336BCC1BD693D700FEF65A /* Debug */ = {
			isa = XCBuildConfiguration;
			buildSettings = {
				ALWAYS_SEARCH_USER_PATHS = NO;
				CLANG_CXX_LANGUAGE_STANDARD = "gnu++0x";
				CLANG_CXX_LIBRARY = "libc++";
				CLANG_ENABLE_MODULES = YES;
				CLANG_ENABLE_OBJC_ARC = YES;
				CLANG_WARN_BOOL_CONVERSION = YES;
				CLANG_WARN_CONSTANT_CONVERSION = YES;
				CLANG_WARN_DIRECT_OBJC_ISA_USAGE = YES_ERROR;
				CLANG_WARN_EMPTY_BODY = YES;
				CLANG_WARN_ENUM_CONVERSION = YES;
				CLANG_WARN_INT_CONVERSION = YES;
				CLANG_WARN_OBJC_ROOT_CLASS = YES_ERROR;
				CLANG_WARN_UNREACHABLE_CODE = YES;
				CLANG_WARN__DUPLICATE_METHOD_MATCH = YES;
				"CODE_SIGN_IDENTITY[sdk=iphoneos*]" = "iPhone Developer";
				COPY_PHASE_STRIP = NO;
				DEBUG_INFORMATION_FORMAT = dwarf;
				ENABLE_STRICT_OBJC_MSGSEND = YES;
				ENABLE_TESTABILITY = YES;
				GCC_C_LANGUAGE_STANDARD = gnu99;
				GCC_DYNAMIC_NO_PIC = NO;
				GCC_NO_COMMON_BLOCKS = YES;
				GCC_OPTIMIZATION_LEVEL = 0;
				GCC_PREPROCESSOR_DEFINITIONS = (
					"DEBUG=1",
					"$(inherited)",
				);
				GCC_WARN_64_TO_32_BIT_CONVERSION = YES;
				GCC_WARN_ABOUT_RETURN_TYPE = YES_ERROR;
				GCC_WARN_UNDECLARED_SELECTOR = YES;
				GCC_WARN_UNINITIALIZED_AUTOS = YES_AGGRESSIVE;
				GCC_WARN_UNUSED_FUNCTION = YES;
				GCC_WARN_UNUSED_VARIABLE = YES;
				IPHONEOS_DEPLOYMENT_TARGET = 9.0;
				MTL_ENABLE_DEBUG_INFO = YES;
				ONLY_ACTIVE_ARCH = YES;
				SDKROOT = iphoneos;
			};
			name = Debug;
		};
		86336BCD1BD693D700FEF65A /* Release */ = {
			isa = XCBuildConfiguration;
			buildSettings = {
				ALWAYS_SEARCH_USER_PATHS = NO;
				CLANG_CXX_LANGUAGE_STANDARD = "gnu++0x";
				CLANG_CXX_LIBRARY = "libc++";
				CLANG_ENABLE_MODULES = YES;
				CLANG_ENABLE_OBJC_ARC = YES;
				CLANG_WARN_BOOL_CONVERSION = YES;
				CLANG_WARN_CONSTANT_CONVERSION = YES;
				CLANG_WARN_DIRECT_OBJC_ISA_USAGE = YES_ERROR;
				CLANG_WARN_EMPTY_BODY = YES;
				CLANG_WARN_ENUM_CONVERSION = YES;
				CLANG_WARN_INT_CONVERSION = YES;
				CLANG_WARN_OBJC_ROOT_CLASS = YES_ERROR;
				CLANG_WARN_UNREACHABLE_CODE = YES;
				CLANG_WARN__DUPLICATE_METHOD_MATCH = YES;
				"CODE_SIGN_IDENTITY[sdk=iphoneos*]" = "iPhone Developer";
				COPY_PHASE_STRIP = NO;
				DEBUG_INFORMATION_FORMAT = "dwarf-with-dsym";
				ENABLE_NS_ASSERTIONS = NO;
				ENABLE_STRICT_OBJC_MSGSEND = YES;
				GCC_C_LANGUAGE_STANDARD = gnu99;
				GCC_NO_COMMON_BLOCKS = YES;
				GCC_WARN_64_TO_32_BIT_CONVERSION = YES;
				GCC_WARN_ABOUT_RETURN_TYPE = YES_ERROR;
				GCC_WARN_UNDECLARED_SELECTOR = YES;
				GCC_WARN_UNINITIALIZED_AUTOS = YES_AGGRESSIVE;
				GCC_WARN_UNUSED_FUNCTION = YES;
				GCC_WARN_UNUSED_VARIABLE = YES;
				IPHONEOS_DEPLOYMENT_TARGET = 9.0;
				MTL_ENABLE_DEBUG_INFO = NO;
				SDKROOT = iphoneos;
				VALIDATE_PRODUCT = YES;
			};
			name = Release;
		};
		86336BCF1BD693D700FEF65A /* Debug */ = {
			isa = XCBuildConfiguration;
			buildSettings = {
				ASSETCATALOG_COMPILER_APPICON_NAME = AppIcon;
				INFOPLIST_FILE = XRLinkLabel/Info.plist;
				LD_RUNPATH_SEARCH_PATHS = "$(inherited) @executable_path/Frameworks";
				PRODUCT_BUNDLE_IDENTIFIER = com.xushiyan.XRLinkLabel;
				PRODUCT_NAME = "$(TARGET_NAME)";
			};
			name = Debug;
		};
		86336BD01BD693D700FEF65A /* Release */ = {
			isa = XCBuildConfiguration;
			buildSettings = {
				ASSETCATALOG_COMPILER_APPICON_NAME = AppIcon;
				INFOPLIST_FILE = XRLinkLabel/Info.plist;
				LD_RUNPATH_SEARCH_PATHS = "$(inherited) @executable_path/Frameworks";
				PRODUCT_BUNDLE_IDENTIFIER = com.xushiyan.XRLinkLabel;
				PRODUCT_NAME = "$(TARGET_NAME)";
			};
			name = Release;
		};
		86336BD21BD693D700FEF65A /* Debug */ = {
			isa = XCBuildConfiguration;
			buildSettings = {
				BUNDLE_LOADER = "$(TEST_HOST)";
				INFOPLIST_FILE = XRLinkLabelTests/Info.plist;
				LD_RUNPATH_SEARCH_PATHS = "$(inherited) @executable_path/Frameworks @loader_path/Frameworks";
				PRODUCT_BUNDLE_IDENTIFIER = com.xushiyan.XRLinkLabelTests;
				PRODUCT_NAME = "$(TARGET_NAME)";
				TEST_HOST = "$(BUILT_PRODUCTS_DIR)/XRLinkLabel.app/XRLinkLabel";
			};
			name = Debug;
		};
		86336BD31BD693D700FEF65A /* Release */ = {
			isa = XCBuildConfiguration;
			buildSettings = {
				BUNDLE_LOADER = "$(TEST_HOST)";
				INFOPLIST_FILE = XRLinkLabelTests/Info.plist;
				LD_RUNPATH_SEARCH_PATHS = "$(inherited) @executable_path/Frameworks @loader_path/Frameworks";
				PRODUCT_BUNDLE_IDENTIFIER = com.xushiyan.XRLinkLabelTests;
				PRODUCT_NAME = "$(TARGET_NAME)";
				TEST_HOST = "$(BUILT_PRODUCTS_DIR)/XRLinkLabel.app/XRLinkLabel";
			};
			name = Release;
		};
		86336BD51BD693D700FEF65A /* Debug */ = {
			isa = XCBuildConfiguration;
			buildSettings = {
				INFOPLIST_FILE = XRLinkLabelUITests/Info.plist;
				LD_RUNPATH_SEARCH_PATHS = "$(inherited) @executable_path/Frameworks @loader_path/Frameworks";
				PRODUCT_BUNDLE_IDENTIFIER = com.xushiyan.XRLinkLabelUITests;
				PRODUCT_NAME = "$(TARGET_NAME)";
				TEST_TARGET_NAME = XRLinkLabel;
				USES_XCTRUNNER = YES;
			};
			name = Debug;
		};
		86336BD61BD693D700FEF65A /* Release */ = {
			isa = XCBuildConfiguration;
			buildSettings = {
				INFOPLIST_FILE = XRLinkLabelUITests/Info.plist;
				LD_RUNPATH_SEARCH_PATHS = "$(inherited) @executable_path/Frameworks @loader_path/Frameworks";
				PRODUCT_BUNDLE_IDENTIFIER = com.xushiyan.XRLinkLabelUITests;
				PRODUCT_NAME = "$(TARGET_NAME)";
				TEST_TARGET_NAME = XRLinkLabel;
				USES_XCTRUNNER = YES;
			};
			name = Release;
		};
/* End XCBuildConfiguration section */

/* Begin XCConfigurationList section */
		86336B9C1BD693D700FEF65A /* Build configuration list for PBXProject "XRLinkLabel" */ = {
			isa = XCConfigurationList;
			buildConfigurations = (
				86336BCC1BD693D700FEF65A /* Debug */,
				86336BCD1BD693D700FEF65A /* Release */,
			);
			defaultConfigurationIsVisible = 0;
			defaultConfigurationName = Release;
		};
		86336BCE1BD693D700FEF65A /* Build configuration list for PBXNativeTarget "XRLinkLabel" */ = {
			isa = XCConfigurationList;
			buildConfigurations = (
				86336BCF1BD693D700FEF65A /* Debug */,
				86336BD01BD693D700FEF65A /* Release */,
			);
			defaultConfigurationIsVisible = 0;
		};
		86336BD11BD693D700FEF65A /* Build configuration list for PBXNativeTarget "XRLinkLabelTests" */ = {
			isa = XCConfigurationList;
			buildConfigurations = (
				86336BD21BD693D700FEF65A /* Debug */,
				86336BD31BD693D700FEF65A /* Release */,
			);
			defaultConfigurationIsVisible = 0;
		};
		86336BD41BD693D700FEF65A /* Build configuration list for PBXNativeTarget "XRLinkLabelUITests" */ = {
			isa = XCConfigurationList;
			buildConfigurations = (
				86336BD51BD693D700FEF65A /* Debug */,
				86336BD61BD693D700FEF65A /* Release */,
			);
			defaultConfigurationIsVisible = 0;
		};
/* End XCConfigurationList section */
	};
	rootObject = 86336B991BD693D700FEF65A /* Project object */;
}
