// !$*UTF8*$!
{
	archiveVersion = 1;
	classes = {
	};
	objectVersion = 46;
	objects = {

/* Begin PBXBuildFile section */
		869F141F1BDC9CB00023A111 /* main.m in Sources */ = {isa = PBXBuildFile; fileRef = 869F141E1BDC9CB00023A111 /* main.m */; };
		869F14221BDC9CB00023A111 /* AppDelegate.m in Sources */ = {isa = PBXBuildFile; fileRef = 869F14211BDC9CB00023A111 /* AppDelegate.m */; };
		869F14251BDC9CB00023A111 /* XRKit.xcdatamodeld in Sources */ = {isa = PBXBuildFile; fileRef = 869F14231BDC9CB00023A111 /* XRKit.xcdatamodeld */; };
		869F14281BDC9CB00023A111 /* MasterViewController.m in Sources */ = {isa = PBXBuildFile; fileRef = 869F14271BDC9CB00023A111 /* MasterViewController.m */; };
		869F142B1BDC9CB00023A111 /* DetailViewController.m in Sources */ = {isa = PBXBuildFile; fileRef = 869F142A1BDC9CB00023A111 /* DetailViewController.m */; };
		869F142E1BDC9CB00023A111 /* Main.storyboard in Resources */ = {isa = PBXBuildFile; fileRef = 869F142C1BDC9CB00023A111 /* Main.storyboard */; };
		869F14301BDC9CB00023A111 /* Assets.xcassets in Resources */ = {isa = PBXBuildFile; fileRef = 869F142F1BDC9CB00023A111 /* Assets.xcassets */; };
		869F14331BDC9CB00023A111 /* LaunchScreen.storyboard in Resources */ = {isa = PBXBuildFile; fileRef = 869F14311BDC9CB00023A111 /* LaunchScreen.storyboard */; };
		869F143E1BDC9CB00023A111 /* XRKitTests.m in Sources */ = {isa = PBXBuildFile; fileRef = 869F143D1BDC9CB00023A111 /* XRKitTests.m */; };
		869F14491BDC9CB00023A111 /* XRKitUITests.m in Sources */ = {isa = PBXBuildFile; fileRef = 869F14481BDC9CB00023A111 /* XRKitUITests.m */; };
/* End PBXBuildFile section */

/* Begin PBXContainerItemProxy section */
		869F143A1BDC9CB00023A111 /* PBXContainerItemProxy */ = {
			isa = PBXContainerItemProxy;
			containerPortal = 869F14121BDC9CAF0023A111 /* Project object */;
			proxyType = 1;
			remoteGlobalIDString = 869F14191BDC9CAF0023A111;
			remoteInfo = XRKit;
		};
		869F14451BDC9CB00023A111 /* PBXContainerItemProxy */ = {
			isa = PBXContainerItemProxy;
			containerPortal = 869F14121BDC9CAF0023A111 /* Project object */;
			proxyType = 1;
			remoteGlobalIDString = 869F14191BDC9CAF0023A111;
			remoteInfo = XRKit;
		};
/* End PBXContainerItemProxy section */

/* Begin PBXFileReference section */
		869F141A1BDC9CB00023A111 /* XRKit.app */ = {isa = PBXFileReference; explicitFileType = wrapper.application; includeInIndex = 0; path = XRKit.app; sourceTree = BUILT_PRODUCTS_DIR; };
		869F141E1BDC9CB00023A111 /* main.m */ = {isa = PBXFileReference; lastKnownFileType = sourcecode.c.objc; path = main.m; sourceTree = "<group>"; };
		869F14201BDC9CB00023A111 /* AppDelegate.h */ = {isa = PBXFileReference; lastKnownFileType = sourcecode.c.h; path = AppDelegate.h; sourceTree = "<group>"; };
		869F14211BDC9CB00023A111 /* AppDelegate.m */ = {isa = PBXFileReference; lastKnownFileType = sourcecode.c.objc; path = AppDelegate.m; sourceTree = "<group>"; };
		869F14241BDC9CB00023A111 /* XRKit.xcdatamodel */ = {isa = PBXFileReference; lastKnownFileType = wrapper.xcdatamodel; path = XRKit.xcdatamodel; sourceTree = "<group>"; };
		869F14261BDC9CB00023A111 /* MasterViewController.h */ = {isa = PBXFileReference; lastKnownFileType = sourcecode.c.h; path = MasterViewController.h; sourceTree = "<group>"; };
		869F14271BDC9CB00023A111 /* MasterViewController.m */ = {isa = PBXFileReference; lastKnownFileType = sourcecode.c.objc; path = MasterViewController.m; sourceTree = "<group>"; };
		869F14291BDC9CB00023A111 /* DetailViewController.h */ = {isa = PBXFileReference; lastKnownFileType = sourcecode.c.h; path = DetailViewController.h; sourceTree = "<group>"; };
		869F142A1BDC9CB00023A111 /* DetailViewController.m */ = {isa = PBXFileReference; lastKnownFileType = sourcecode.c.objc; path = DetailViewController.m; sourceTree = "<group>"; };
		869F142D1BDC9CB00023A111 /* Base */ = {isa = PBXFileReference; lastKnownFileType = file.storyboard; name = Base; path = Base.lproj/Main.storyboard; sourceTree = "<group>"; };
		869F142F1BDC9CB00023A111 /* Assets.xcassets */ = {isa = PBXFileReference; lastKnownFileType = folder.assetcatalog; path = Assets.xcassets; sourceTree = "<group>"; };
		869F14321BDC9CB00023A111 /* Base */ = {isa = PBXFileReference; lastKnownFileType = file.storyboard; name = Base; path = Base.lproj/LaunchScreen.storyboard; sourceTree = "<group>"; };
		869F14341BDC9CB00023A111 /* Info.plist */ = {isa = PBXFileReference; lastKnownFileType = text.plist.xml; path = Info.plist; sourceTree = "<group>"; };
		869F14391BDC9CB00023A111 /* XRKitTests.xctest */ = {isa = PBXFileReference; explicitFileType = wrapper.cfbundle; includeInIndex = 0; path = XRKitTests.xctest; sourceTree = BUILT_PRODUCTS_DIR; };
		869F143D1BDC9CB00023A111 /* XRKitTests.m */ = {isa = PBXFileReference; lastKnownFileType = sourcecode.c.objc; path = XRKitTests.m; sourceTree = "<group>"; };
		869F143F1BDC9CB00023A111 /* Info.plist */ = {isa = PBXFileReference; lastKnownFileType = text.plist.xml; path = Info.plist; sourceTree = "<group>"; };
		869F14441BDC9CB00023A111 /* XRKitUITests.xctest */ = {isa = PBXFileReference; explicitFileType = wrapper.cfbundle; includeInIndex = 0; path = XRKitUITests.xctest; sourceTree = BUILT_PRODUCTS_DIR; };
		869F14481BDC9CB00023A111 /* XRKitUITests.m */ = {isa = PBXFileReference; lastKnownFileType = sourcecode.c.objc; path = XRKitUITests.m; sourceTree = "<group>"; };
		869F144A1BDC9CB00023A111 /* Info.plist */ = {isa = PBXFileReference; lastKnownFileType = text.plist.xml; path = Info.plist; sourceTree = "<group>"; };
/* End PBXFileReference section */

/* Begin PBXFrameworksBuildPhase section */
		869F14171BDC9CAF0023A111 /* Frameworks */ = {
			isa = PBXFrameworksBuildPhase;
			buildActionMask = 2147483647;
			files = (
			);
			runOnlyForDeploymentPostprocessing = 0;
		};
		869F14361BDC9CB00023A111 /* Frameworks */ = {
			isa = PBXFrameworksBuildPhase;
			buildActionMask = 2147483647;
			files = (
			);
			runOnlyForDeploymentPostprocessing = 0;
		};
		869F14411BDC9CB00023A111 /* Frameworks */ = {
			isa = PBXFrameworksBuildPhase;
			buildActionMask = 2147483647;
			files = (
			);
			runOnlyForDeploymentPostprocessing = 0;
		};
/* End PBXFrameworksBuildPhase section */

/* Begin PBXGroup section */
		869F14111BDC9CAF0023A111 = {
			isa = PBXGroup;
			children = (
				869F141C1BDC9CB00023A111 /* XRKit */,
				869F143C1BDC9CB00023A111 /* XRKitTests */,
				869F14471BDC9CB00023A111 /* XRKitUITests */,
				869F141B1BDC9CB00023A111 /* Products */,
			);
			sourceTree = "<group>";
		};
		869F141B1BDC9CB00023A111 /* Products */ = {
			isa = PBXGroup;
			children = (
				869F141A1BDC9CB00023A111 /* XRKit.app */,
				869F14391BDC9CB00023A111 /* XRKitTests.xctest */,
				869F14441BDC9CB00023A111 /* XRKitUITests.xctest */,
			);
			name = Products;
			sourceTree = "<group>";
		};
		869F141C1BDC9CB00023A111 /* XRKit */ = {
			isa = PBXGroup;
			children = (
				869F14201BDC9CB00023A111 /* AppDelegate.h */,
				869F14211BDC9CB00023A111 /* AppDelegate.m */,
				869F14261BDC9CB00023A111 /* MasterViewController.h */,
				869F14271BDC9CB00023A111 /* MasterViewController.m */,
				869F14291BDC9CB00023A111 /* DetailViewController.h */,
				869F142A1BDC9CB00023A111 /* DetailViewController.m */,
				869F142C1BDC9CB00023A111 /* Main.storyboard */,
				869F142F1BDC9CB00023A111 /* Assets.xcassets */,
				869F14311BDC9CB00023A111 /* LaunchScreen.storyboard */,
				869F14341BDC9CB00023A111 /* Info.plist */,
				869F14231BDC9CB00023A111 /* XRKit.xcdatamodeld */,
				869F141D1BDC9CB00023A111 /* Supporting Files */,
			);
			path = XRKit;
			sourceTree = "<group>";
		};
		869F141D1BDC9CB00023A111 /* Supporting Files */ = {
			isa = PBXGroup;
			children = (
				869F141E1BDC9CB00023A111 /* main.m */,
			);
			name = "Supporting Files";
			sourceTree = "<group>";
		};
		869F143C1BDC9CB00023A111 /* XRKitTests */ = {
			isa = PBXGroup;
			children = (
				869F143D1BDC9CB00023A111 /* XRKitTests.m */,
				869F143F1BDC9CB00023A111 /* Info.plist */,
			);
			path = XRKitTests;
			sourceTree = "<group>";
		};
		869F14471BDC9CB00023A111 /* XRKitUITests */ = {
			isa = PBXGroup;
			children = (
				869F14481BDC9CB00023A111 /* XRKitUITests.m */,
				869F144A1BDC9CB00023A111 /* Info.plist */,
			);
			path = XRKitUITests;
			sourceTree = "<group>";
		};
/* End PBXGroup section */

/* Begin PBXNativeTarget section */
		869F14191BDC9CAF0023A111 /* XRKit */ = {
			isa = PBXNativeTarget;
			buildConfigurationList = 869F144D1BDC9CB00023A111 /* Build configuration list for PBXNativeTarget "XRKit" */;
			buildPhases = (
				869F14161BDC9CAF0023A111 /* Sources */,
				869F14171BDC9CAF0023A111 /* Frameworks */,
				869F14181BDC9CAF0023A111 /* Resources */,
			);
			buildRules = (
			);
			dependencies = (
			);
			name = XRKit;
			productName = XRKit;
			productReference = 869F141A1BDC9CB00023A111 /* XRKit.app */;
			productType = "com.apple.product-type.application";
		};
		869F14381BDC9CB00023A111 /* XRKitTests */ = {
			isa = PBXNativeTarget;
			buildConfigurationList = 869F14501BDC9CB00023A111 /* Build configuration list for PBXNativeTarget "XRKitTests" */;
			buildPhases = (
				869F14351BDC9CB00023A111 /* Sources */,
				869F14361BDC9CB00023A111 /* Frameworks */,
				869F14371BDC9CB00023A111 /* Resources */,
			);
			buildRules = (
			);
			dependencies = (
				869F143B1BDC9CB00023A111 /* PBXTargetDependency */,
			);
			name = XRKitTests;
			productName = XRKitTests;
			productReference = 869F14391BDC9CB00023A111 /* XRKitTests.xctest */;
			productType = "com.apple.product-type.bundle.unit-test";
		};
		869F14431BDC9CB00023A111 /* XRKitUITests */ = {
			isa = PBXNativeTarget;
			buildConfigurationList = 869F14531BDC9CB00023A111 /* Build configuration list for PBXNativeTarget "XRKitUITests" */;
			buildPhases = (
				869F14401BDC9CB00023A111 /* Sources */,
				869F14411BDC9CB00023A111 /* Frameworks */,
				869F14421BDC9CB00023A111 /* Resources */,
			);
			buildRules = (
			);
			dependencies = (
				869F14461BDC9CB00023A111 /* PBXTargetDependency */,
			);
			name = XRKitUITests;
			productName = XRKitUITests;
			productReference = 869F14441BDC9CB00023A111 /* XRKitUITests.xctest */;
			productType = "com.apple.product-type.bundle.ui-testing";
		};
/* End PBXNativeTarget section */

/* Begin PBXProject section */
		869F14121BDC9CAF0023A111 /* Project object */ = {
			isa = PBXProject;
			attributes = {
				LastUpgradeCheck = 0700;
				ORGANIZATIONNAME = "XU SHIYAN";
				TargetAttributes = {
					869F14191BDC9CAF0023A111 = {
						CreatedOnToolsVersion = 7.0.1;
					};
					869F14381BDC9CB00023A111 = {
						CreatedOnToolsVersion = 7.0.1;
						TestTargetID = 869F14191BDC9CAF0023A111;
					};
					869F14431BDC9CB00023A111 = {
						CreatedOnToolsVersion = 7.0.1;
						TestTargetID = 869F14191BDC9CAF0023A111;
					};
				};
			};
			buildConfigurationList = 869F14151BDC9CAF0023A111 /* Build configuration list for PBXProject "XRKit" */;
			compatibilityVersion = "Xcode 3.2";
			developmentRegion = English;
			hasScannedForEncodings = 0;
			knownRegions = (
				en,
				Base,
			);
			mainGroup = 869F14111BDC9CAF0023A111;
			productRefGroup = 869F141B1BDC9CB00023A111 /* Products */;
			projectDirPath = "";
			projectRoot = "";
			targets = (
				869F14191BDC9CAF0023A111 /* XRKit */,
				869F14381BDC9CB00023A111 /* XRKitTests */,
				869F14431BDC9CB00023A111 /* XRKitUITests */,
			);
		};
/* End PBXProject section */

/* Begin PBXResourcesBuildPhase section */
		869F14181BDC9CAF0023A111 /* Resources */ = {
			isa = PBXResourcesBuildPhase;
			buildActionMask = 2147483647;
			files = (
				869F14331BDC9CB00023A111 /* LaunchScreen.storyboard in Resources */,
				869F14301BDC9CB00023A111 /* Assets.xcassets in Resources */,
				869F142E1BDC9CB00023A111 /* Main.storyboard in Resources */,
			);
			runOnlyForDeploymentPostprocessing = 0;
		};
		869F14371BDC9CB00023A111 /* Resources */ = {
			isa = PBXResourcesBuildPhase;
			buildActionMask = 2147483647;
			files = (
			);
			runOnlyForDeploymentPostprocessing = 0;
		};
		869F14421BDC9CB00023A111 /* Resources */ = {
			isa = PBXResourcesBuildPhase;
			buildActionMask = 2147483647;
			files = (
			);
			runOnlyForDeploymentPostprocessing = 0;
		};
/* End PBXResourcesBuildPhase section */

/* Begin PBXSourcesBuildPhase section */
		869F14161BDC9CAF0023A111 /* Sources */ = {
			isa = PBXSourcesBuildPhase;
			buildActionMask = 2147483647;
			files = (
				869F142B1BDC9CB00023A111 /* DetailViewController.m in Sources */,
				869F14281BDC9CB00023A111 /* MasterViewController.m in Sources */,
				869F14251BDC9CB00023A111 /* XRKit.xcdatamodeld in Sources */,
				869F14221BDC9CB00023A111 /* AppDelegate.m in Sources */,
				869F141F1BDC9CB00023A111 /* main.m in Sources */,
			);
			runOnlyForDeploymentPostprocessing = 0;
		};
		869F14351BDC9CB00023A111 /* Sources */ = {
			isa = PBXSourcesBuildPhase;
			buildActionMask = 2147483647;
			files = (
				869F143E1BDC9CB00023A111 /* XRKitTests.m in Sources */,
			);
			runOnlyForDeploymentPostprocessing = 0;
		};
		869F14401BDC9CB00023A111 /* Sources */ = {
			isa = PBXSourcesBuildPhase;
			buildActionMask = 2147483647;
			files = (
				869F14491BDC9CB00023A111 /* XRKitUITests.m in Sources */,
			);
			runOnlyForDeploymentPostprocessing = 0;
		};
/* End PBXSourcesBuildPhase section */

/* Begin PBXTargetDependency section */
		869F143B1BDC9CB00023A111 /* PBXTargetDependency */ = {
			isa = PBXTargetDependency;
			target = 869F14191BDC9CAF0023A111 /* XRKit */;
			targetProxy = 869F143A1BDC9CB00023A111 /* PBXContainerItemProxy */;
		};
		869F14461BDC9CB00023A111 /* PBXTargetDependency */ = {
			isa = PBXTargetDependency;
			target = 869F14191BDC9CAF0023A111 /* XRKit */;
			targetProxy = 869F14451BDC9CB00023A111 /* PBXContainerItemProxy */;
		};
/* End PBXTargetDependency section */

/* Begin PBXVariantGroup section */
		869F142C1BDC9CB00023A111 /* Main.storyboard */ = {
			isa = PBXVariantGroup;
			children = (
				869F142D1BDC9CB00023A111 /* Base */,
			);
			name = Main.storyboard;
			sourceTree = "<group>";
		};
		869F14311BDC9CB00023A111 /* LaunchScreen.storyboard */ = {
			isa = PBXVariantGroup;
			children = (
				869F14321BDC9CB00023A111 /* Base */,
			);
			name = LaunchScreen.storyboard;
			sourceTree = "<group>";
		};
/* End PBXVariantGroup section */

/* Begin XCBuildConfiguration section */
		869F144B1BDC9CB00023A111 /* Debug */ = {
			isa = XCBuildConfiguration;
			buildSettings = {
				ALWAYS_SEARCH_USER_PATHS = NO;
				CLANG_CXX_LANGUAGE_STANDARD = "gnu++0x";
				CLANG_CXX_LIBRARY = "libc++";
				CLANG_ENABLE_MODULES = YES;
				CLANG_ENABLE_OBJC_ARC = YES;
				CLANG_WARN_BOOL_CONVERSION = YES;
				CLANG_WARN_CONSTANT_CONVERSION = YES;
				CLANG_WARN_DIRECT_OBJC_ISA_USAGE = YES_ERROR;
				CLANG_WARN_EMPTY_BODY = YES;
				CLANG_WARN_ENUM_CONVERSION = YES;
				CLANG_WARN_INT_CONVERSION = YES;
				CLANG_WARN_OBJC_ROOT_CLASS = YES_ERROR;
				CLANG_WARN_UNREACHABLE_CODE = YES;
				CLANG_WARN__DUPLICATE_METHOD_MATCH = YES;
				"CODE_SIGN_IDENTITY[sdk=iphoneos*]" = "iPhone Developer";
				COPY_PHASE_STRIP = NO;
				DEBUG_INFORMATION_FORMAT = dwarf;
				ENABLE_STRICT_OBJC_MSGSEND = YES;
				ENABLE_TESTABILITY = YES;
				GCC_C_LANGUAGE_STANDARD = gnu99;
				GCC_DYNAMIC_NO_PIC = NO;
				GCC_NO_COMMON_BLOCKS = YES;
				GCC_OPTIMIZATION_LEVEL = 0;
				GCC_PREPROCESSOR_DEFINITIONS = (
					"DEBUG=1",
					"$(inherited)",
				);
				GCC_WARN_64_TO_32_BIT_CONVERSION = YES;
				GCC_WARN_ABOUT_RETURN_TYPE = YES_ERROR;
				GCC_WARN_UNDECLARED_SELECTOR = YES;
				GCC_WARN_UNINITIALIZED_AUTOS = YES_AGGRESSIVE;
				GCC_WARN_UNUSED_FUNCTION = YES;
				GCC_WARN_UNUSED_VARIABLE = YES;
				IPHONEOS_DEPLOYMENT_TARGET = 9.0;
				MTL_ENABLE_DEBUG_INFO = YES;
				ONLY_ACTIVE_ARCH = YES;
				SDKROOT = iphoneos;
				TARGETED_DEVICE_FAMILY = "1,2";
			};
			name = Debug;
		};
		869F144C1BDC9CB00023A111 /* Release */ = {
			isa = XCBuildConfiguration;
			buildSettings = {
				ALWAYS_SEARCH_USER_PATHS = NO;
				CLANG_CXX_LANGUAGE_STANDARD = "gnu++0x";
				CLANG_CXX_LIBRARY = "libc++";
				CLANG_ENABLE_MODULES = YES;
				CLANG_ENABLE_OBJC_ARC = YES;
				CLANG_WARN_BOOL_CONVERSION = YES;
				CLANG_WARN_CONSTANT_CONVERSION = YES;
				CLANG_WARN_DIRECT_OBJC_ISA_USAGE = YES_ERROR;
				CLANG_WARN_EMPTY_BODY = YES;
				CLANG_WARN_ENUM_CONVERSION = YES;
				CLANG_WARN_INT_CONVERSION = YES;
				CLANG_WARN_OBJC_ROOT_CLASS = YES_ERROR;
				CLANG_WARN_UNREACHABLE_CODE = YES;
				CLANG_WARN__DUPLICATE_METHOD_MATCH = YES;
				"CODE_SIGN_IDENTITY[sdk=iphoneos*]" = "iPhone Developer";
				COPY_PHASE_STRIP = NO;
				DEBUG_INFORMATION_FORMAT = "dwarf-with-dsym";
				ENABLE_NS_ASSERTIONS = NO;
				ENABLE_STRICT_OBJC_MSGSEND = YES;
				GCC_C_LANGUAGE_STANDARD = gnu99;
				GCC_NO_COMMON_BLOCKS = YES;
				GCC_WARN_64_TO_32_BIT_CONVERSION = YES;
				GCC_WARN_ABOUT_RETURN_TYPE = YES_ERROR;
				GCC_WARN_UNDECLARED_SELECTOR = YES;
				GCC_WARN_UNINITIALIZED_AUTOS = YES_AGGRESSIVE;
				GCC_WARN_UNUSED_FUNCTION = YES;
				GCC_WARN_UNUSED_VARIABLE = YES;
				IPHONEOS_DEPLOYMENT_TARGET = 9.0;
				MTL_ENABLE_DEBUG_INFO = NO;
				SDKROOT = iphoneos;
				TARGETED_DEVICE_FAMILY = "1,2";
				VALIDATE_PRODUCT = YES;
			};
			name = Release;
		};
		869F144E1BDC9CB00023A111 /* Debug */ = {
			isa = XCBuildConfiguration;
			buildSettings = {
				ASSETCATALOG_COMPILER_APPICON_NAME = AppIcon;
				INFOPLIST_FILE = XRKit/Info.plist;
				LD_RUNPATH_SEARCH_PATHS = "$(inherited) @executable_path/Frameworks";
				PRODUCT_BUNDLE_IDENTIFIER = com.xushiyan.XRKit;
				PRODUCT_NAME = "$(TARGET_NAME)";
			};
			name = Debug;
		};
		869F144F1BDC9CB00023A111 /* Release */ = {
			isa = XCBuildConfiguration;
			buildSettings = {
				ASSETCATALOG_COMPILER_APPICON_NAME = AppIcon;
				INFOPLIST_FILE = XRKit/Info.plist;
				LD_RUNPATH_SEARCH_PATHS = "$(inherited) @executable_path/Frameworks";
				PRODUCT_BUNDLE_IDENTIFIER = com.xushiyan.XRKit;
				PRODUCT_NAME = "$(TARGET_NAME)";
			};
			name = Release;
		};
		869F14511BDC9CB00023A111 /* Debug */ = {
			isa = XCBuildConfiguration;
			buildSettings = {
				BUNDLE_LOADER = "$(TEST_HOST)";
				INFOPLIST_FILE = XRKitTests/Info.plist;
				LD_RUNPATH_SEARCH_PATHS = "$(inherited) @executable_path/Frameworks @loader_path/Frameworks";
				PRODUCT_BUNDLE_IDENTIFIER = com.xushiyan.XRKitTests;
				PRODUCT_NAME = "$(TARGET_NAME)";
				TEST_HOST = "$(BUILT_PRODUCTS_DIR)/XRKit.app/XRKit";
			};
			name = Debug;
		};
		869F14521BDC9CB00023A111 /* Release */ = {
			isa = XCBuildConfiguration;
			buildSettings = {
				BUNDLE_LOADER = "$(TEST_HOST)";
				INFOPLIST_FILE = XRKitTests/Info.plist;
				LD_RUNPATH_SEARCH_PATHS = "$(inherited) @executable_path/Frameworks @loader_path/Frameworks";
				PRODUCT_BUNDLE_IDENTIFIER = com.xushiyan.XRKitTests;
				PRODUCT_NAME = "$(TARGET_NAME)";
				TEST_HOST = "$(BUILT_PRODUCTS_DIR)/XRKit.app/XRKit";
			};
			name = Release;
		};
		869F14541BDC9CB00023A111 /* Debug */ = {
			isa = XCBuildConfiguration;
			buildSettings = {
				INFOPLIST_FILE = XRKitUITests/Info.plist;
				LD_RUNPATH_SEARCH_PATHS = "$(inherited) @executable_path/Frameworks @loader_path/Frameworks";
				PRODUCT_BUNDLE_IDENTIFIER = com.xushiyan.XRKitUITests;
				PRODUCT_NAME = "$(TARGET_NAME)";
				TEST_TARGET_NAME = XRKit;
				USES_XCTRUNNER = YES;
			};
			name = Debug;
		};
		869F14551BDC9CB00023A111 /* Release */ = {
			isa = XCBuildConfiguration;
			buildSettings = {
				INFOPLIST_FILE = XRKitUITests/Info.plist;
				LD_RUNPATH_SEARCH_PATHS = "$(inherited) @executable_path/Frameworks @loader_path/Frameworks";
				PRODUCT_BUNDLE_IDENTIFIER = com.xushiyan.XRKitUITests;
				PRODUCT_NAME = "$(TARGET_NAME)";
				TEST_TARGET_NAME = XRKit;
				USES_XCTRUNNER = YES;
			};
			name = Release;
		};
/* End XCBuildConfiguration section */

/* Begin XCConfigurationList section */
		869F14151BDC9CAF0023A111 /* Build configuration list for PBXProject "XRKit" */ = {
			isa = XCConfigurationList;
			buildConfigurations = (
				869F144B1BDC9CB00023A111 /* Debug */,
				869F144C1BDC9CB00023A111 /* Release */,
			);
			defaultConfigurationIsVisible = 0;
			defaultConfigurationName = Release;
		};
		869F144D1BDC9CB00023A111 /* Build configuration list for PBXNativeTarget "XRKit" */ = {
			isa = XCConfigurationList;
			buildConfigurations = (
				869F144E1BDC9CB00023A111 /* Debug */,
				869F144F1BDC9CB00023A111 /* Release */,
			);
			defaultConfigurationIsVisible = 0;
		};
		869F14501BDC9CB00023A111 /* Build configuration list for PBXNativeTarget "XRKitTests" */ = {
			isa = XCConfigurationList;
			buildConfigurations = (
				869F14511BDC9CB00023A111 /* Debug */,
				869F14521BDC9CB00023A111 /* Release */,
			);
			defaultConfigurationIsVisible = 0;
		};
		869F14531BDC9CB00023A111 /* Build configuration list for PBXNativeTarget "XRKitUITests" */ = {
			isa = XCConfigurationList;
			buildConfigurations = (
				869F14541BDC9CB00023A111 /* Debug */,
				869F14551BDC9CB00023A111 /* Release */,
			);
			defaultConfigurationIsVisible = 0;
		};
/* End XCConfigurationList section */

/* Begin XCVersionGroup section */
		869F14231BDC9CB00023A111 /* XRKit.xcdatamodeld */ = {
			isa = XCVersionGroup;
			children = (
				869F14241BDC9CB00023A111 /* XRKit.xcdatamodel */,
			);
			currentVersion = 869F14241BDC9CB00023A111 /* XRKit.xcdatamodel */;
			path = XRKit.xcdatamodeld;
			sourceTree = "<group>";
			versionGroupType = wrapper.xcdatamodel;
		};
/* End XCVersionGroup section */
	};
	rootObject = 869F14121BDC9CAF0023A111 /* Project object */;
}
